
Microsoft Visual Studio Solution File, Format Version 12.00
# Visual Studio Version 16
VisualStudioVersion = 16.0.30523.141
MinimumVisualStudioVersion = 10.0.40219.1
Project("{FAE04EC0-301F-11D3-BF4B-00C04F79EFBC}") = "QLYBANHANG", "QLYBANHANG.csproj", "{8F626939-7C90-4C4F-B1D7-B4E5D326CE60}"
EndProject
Global
	GlobalSection(SolutionConfigurationPlatforms) = preSolution
		Debug|Any CPU = Debug|Any CPU
		Release|Any CPU = Release|Any CPU
	EndGlobalSection
	GlobalSection(ProjectConfigurationPlatforms) = postSolution
		{8F626939-7C90-4C4F-B1D7-B4E5D326CE60}.Debug|Any CPU.ActiveCfg = Debug|Any CPU
		{8F626939-7C90-4C4F-B1D7-B4E5D326CE60}.Debug|Any CPU.Build.0 = Debug|Any CPU
		{8F626939-7C90-4C4F-B1D7-B4E5D326CE60}.Release|Any CPU.ActiveCfg = Release|Any CPU
		{8F626939-7C90-4C4F-B1D7-B4E5D326CE60}.Release|Any CPU.Build.0 = Release|Any CPU
	EndGlobalSection
	GlobalSection(SolutionProperties) = preSolution
		HideSolutionNode = FALSE
	EndGlobalSection
	GlobalSection(ExtensibilityGlobals) = postSolution
		SolutionGuid = {C60FCFBE-2B89-4C7F-8A37-B26DF552E0E0}
	EndGlobalSection
EndGlobal
