
Microsoft Visual Studio Solution File, Format Version 12.00
# Visual Studio Version 16
VisualStudioVersion = 16.0.30523.141
MinimumVisualStudioVersion = 10.0.40219.1
Project("{FAE04EC0-301F-11D3-BF4B-00C04F79EFBC}") = "qly_BH", "qly_BH.csproj", "{70D7D85E-9249-4083-A6C9-925BB0576F44}"
EndProject
Global
	GlobalSection(SolutionConfigurationPlatforms) = preSolution
		Debug|Any CPU = Debug|Any CPU
		Release|Any CPU = Release|Any CPU
	EndGlobalSection
	GlobalSection(ProjectConfigurationPlatforms) = postSolution
		{70D7D85E-9249-4083-A6C9-925BB0576F44}.Debug|Any CPU.ActiveCfg = Debug|Any CPU
		{70D7D85E-9249-4083-A6C9-925BB0576F44}.Debug|Any CPU.Build.0 = Debug|Any CPU
		{70D7D85E-9249-4083-A6C9-925BB0576F44}.Release|Any CPU.ActiveCfg = Release|Any CPU
		{70D7D85E-9249-4083-A6C9-925BB0576F44}.Release|Any CPU.Build.0 = Release|Any CPU
	EndGlobalSection
	GlobalSection(SolutionProperties) = preSolution
		HideSolutionNode = FALSE
	EndGlobalSection
	GlobalSection(ExtensibilityGlobals) = postSolution
		SolutionGuid = {8967BC07-327E-4088-A95F-1E5755622CF5}
	EndGlobalSection
EndGlobal
